
Microsoft Visual Studio Solution File, Format Version 12.00
# Visual Studio Version 17
VisualStudioVersion = 17.2.32519.379
MinimumVisualStudioVersion = 10.0.40219.1
Project("{FAE04EC0-301F-11D3-BF4B-00C04F79EFBC}") = "deneme", "deneme\deneme.csproj", "{047FAC70-8F52-49FF-90B2-1F22C6ADBDA2}"
EndProject
Global
	GlobalSection(SolutionConfigurationPlatforms) = preSolution
		Debug|Any CPU = Debug|Any CPU
		Release|Any CPU = Release|Any CPU
	EndGlobalSection
	GlobalSection(ProjectConfigurationPlatforms) = postSolution
		{047FAC70-8F52-49FF-90B2-1F22C6ADBDA2}.Debug|Any CPU.ActiveCfg = Debug|Any CPU
		{047FAC70-8F52-49FF-90B2-1F22C6ADBDA2}.Debug|Any CPU.Build.0 = Debug|Any CPU
		{047FAC70-8F52-49FF-90B2-1F22C6ADBDA2}.Release|Any CPU.ActiveCfg = Release|Any CPU
		{047FAC70-8F52-49FF-90B2-1F22C6ADBDA2}.Release|Any CPU.Build.0 = Release|Any CPU
	EndGlobalSection
	GlobalSection(SolutionProperties) = preSolution
		HideSolutionNode = FALSE
	EndGlobalSection
	GlobalSection(ExtensibilityGlobals) = postSolution
		SolutionGuid = {5E1FBE50-D543-4B28-B68B-6499D4F666FD}
	EndGlobalSection
EndGlobal
